
Microsoft Visual Studio Solution File, Format Version 12.00
# Visual Studio Version 16
VisualStudioVersion = 16.0.30717.126
MinimumVisualStudioVersion = 10.0.40219.1
Project("{FAE04EC0-301F-11D3-BF4B-00C04F79EFBC}") = "jatast", "jatast\jatast.csproj", "{21D93C26-D7B1-4B00-8A3C-DFBEEB58D080}"
EndProject
Global
	GlobalSection(SolutionConfigurationPlatforms) = preSolution
		Debug|Any CPU = Debug|Any CPU
		Release|Any CPU = Release|Any CPU
	EndGlobalSection
	GlobalSection(ProjectConfigurationPlatforms) = postSolution
		{21D93C26-D7B1-4B00-8A3C-DFBEEB58D080}.Debug|Any CPU.ActiveCfg = Debug|Any CPU
		{21D93C26-D7B1-4B00-8A3C-DFBEEB58D080}.Debug|Any CPU.Build.0 = Debug|Any CPU
		{21D93C26-D7B1-4B00-8A3C-DFBEEB58D080}.Release|Any CPU.ActiveCfg = Release|Any CPU
		{21D93C26-D7B1-4B00-8A3C-DFBEEB58D080}.Release|Any CPU.Build.0 = Release|Any CPU
	EndGlobalSection
	GlobalSection(SolutionProperties) = preSolution
		HideSolutionNode = FALSE
	EndGlobalSection
	GlobalSection(ExtensibilityGlobals) = postSolution
		SolutionGuid = {46C176CB-6540-4C1B-9A70-846A00A05DFC}
	EndGlobalSection
EndGlobal
